// !$*UTF8*$!
{
	archiveVersion = 1;
	classes = {
	};
	objectVersion = 56;
	objects = {

/* Begin PBXBuildFile section */
		CC3D0A742A9F8625002EFC83 /* AppDelegate.swift in Sources */ = {isa = PBXBuildFile; fileRef = CC3D0A732A9F8625002EFC83 /* AppDelegate.swift */; };
		CC3D0A762A9F8625002EFC83 /* SceneDelegate.swift in Sources */ = {isa = PBXBuildFile; fileRef = CC3D0A752A9F8625002EFC83 /* SceneDelegate.swift */; };
		CC3D0A782A9F8625002EFC83 /* ViewController.swift in Sources */ = {isa = PBXBuildFile; fileRef = CC3D0A772A9F8625002EFC83 /* ViewController.swift */; };
		CC3D0A7B2A9F8625002EFC83 /* Main.storyboard in Resources */ = {isa = PBXBuildFile; fileRef = CC3D0A792A9F8625002EFC83 /* Main.storyboard */; };
		CC3D0A7E2A9F8625002EFC83 /* mod1_creative_app_richmond.xcdatamodeld in Sources */ = {isa = PBXBuildFile; fileRef = CC3D0A7C2A9F8625002EFC83 /* mod1_creative_app_richmond.xcdatamodeld */; };
		CC3D0A802A9F8626002EFC83 /* Assets.xcassets in Resources */ = {isa = PBXBuildFile; fileRef = CC3D0A7F2A9F8626002EFC83 /* Assets.xcassets */; };
		CC3D0A832A9F8626002EFC83 /* LaunchScreen.storyboard in Resources */ = {isa = PBXBuildFile; fileRef = CC3D0A812A9F8626002EFC83 /* LaunchScreen.storyboard */; };
		CC3D0A8E2A9F8627002EFC83 /* mod1_creative_app_richmondTests.swift in Sources */ = {isa = PBXBuildFile; fileRef = CC3D0A8D2A9F8627002EFC83 /* mod1_creative_app_richmondTests.swift */; };
		CC3D0A982A9F8627002EFC83 /* mod1_creative_app_richmondUITests.swift in Sources */ = {isa = PBXBuildFile; fileRef = CC3D0A972A9F8627002EFC83 /* mod1_creative_app_richmondUITests.swift */; };
		CC3D0A9A2A9F8627002EFC83 /* mod1_creative_app_richmondUITestsLaunchTests.swift in Sources */ = {isa = PBXBuildFile; fileRef = CC3D0A992A9F8627002EFC83 /* mod1_creative_app_richmondUITestsLaunchTests.swift */; };
/* End PBXBuildFile section */

/* Begin PBXContainerItemProxy section */
		CC3D0A8A2A9F8627002EFC83 /* PBXContainerItemProxy */ = {
			isa = PBXContainerItemProxy;
			containerPortal = CC3D0A682A9F8625002EFC83 /* Project object */;
			proxyType = 1;
			remoteGlobalIDString = CC3D0A6F2A9F8625002EFC83;
			remoteInfo = mod1_creative_app_richmond;
		};
		CC3D0A942A9F8627002EFC83 /* PBXContainerItemProxy */ = {
			isa = PBXContainerItemProxy;
			containerPortal = CC3D0A682A9F8625002EFC83 /* Project object */;
			proxyType = 1;
			remoteGlobalIDString = CC3D0A6F2A9F8625002EFC83;
			remoteInfo = mod1_creative_app_richmond;
		};
/* End PBXContainerItemProxy section */

/* Begin PBXFileReference section */
		CC3D0A702A9F8625002EFC83 /* mod1_creative_app_richmond.app */ = {isa = PBXFileReference; explicitFileType = wrapper.application; includeInIndex = 0; path = mod1_creative_app_richmond.app; sourceTree = BUILT_PRODUCTS_DIR; };
		CC3D0A732A9F8625002EFC83 /* AppDelegate.swift */ = {isa = PBXFileReference; lastKnownFileType = sourcecode.swift; path = AppDelegate.swift; sourceTree = "<group>"; };
		CC3D0A752A9F8625002EFC83 /* SceneDelegate.swift */ = {isa = PBXFileReference; lastKnownFileType = sourcecode.swift; path = SceneDelegate.swift; sourceTree = "<group>"; };
		CC3D0A772A9F8625002EFC83 /* ViewController.swift */ = {isa = PBXFileReference; lastKnownFileType = sourcecode.swift; path = ViewController.swift; sourceTree = "<group>"; };
		CC3D0A7A2A9F8625002EFC83 /* Base */ = {isa = PBXFileReference; lastKnownFileType = file.storyboard; name = Base; path = Base.lproj/Main.storyboard; sourceTree = "<group>"; };
		CC3D0A7D2A9F8625002EFC83 /* mod1_creative_app_richmond.xcdatamodel */ = {isa = PBXFileReference; lastKnownFileType = wrapper.xcdatamodel; path = mod1_creative_app_richmond.xcdatamodel; sourceTree = "<group>"; };
		CC3D0A7F2A9F8626002EFC83 /* Assets.xcassets */ = {isa = PBXFileReference; lastKnownFileType = folder.assetcatalog; path = Assets.xcassets; sourceTree = "<group>"; };
		CC3D0A822A9F8626002EFC83 /* Base */ = {isa = PBXFileReference; lastKnownFileType = file.storyboard; name = Base; path = Base.lproj/LaunchScreen.storyboard; sourceTree = "<group>"; };
		CC3D0A842A9F8626002EFC83 /* Info.plist */ = {isa = PBXFileReference; lastKnownFileType = text.plist.xml; path = Info.plist; sourceTree = "<group>"; };
		CC3D0A892A9F8627002EFC83 /* mod1_creative_app_richmondTests.xctest */ = {isa = PBXFileReference; explicitFileType = wrapper.cfbundle; includeInIndex = 0; path = mod1_creative_app_richmondTests.xctest; sourceTree = BUILT_PRODUCTS_DIR; };
		CC3D0A8D2A9F8627002EFC83 /* mod1_creative_app_richmondTests.swift */ = {isa = PBXFileReference; lastKnownFileType = sourcecode.swift; path = mod1_creative_app_richmondTests.swift; sourceTree = "<group>"; };
		CC3D0A932A9F8627002EFC83 /* mod1_creative_app_richmondUITests.xctest */ = {isa = PBXFileReference; explicitFileType = wrapper.cfbundle; includeInIndex = 0; path = mod1_creative_app_richmondUITests.xctest; sourceTree = BUILT_PRODUCTS_DIR; };
		CC3D0A972A9F8627002EFC83 /* mod1_creative_app_richmondUITests.swift */ = {isa = PBXFileReference; lastKnownFileType = sourcecode.swift; path = mod1_creative_app_richmondUITests.swift; sourceTree = "<group>"; };
		CC3D0A992A9F8627002EFC83 /* mod1_creative_app_richmondUITestsLaunchTests.swift */ = {isa = PBXFileReference; lastKnownFileType = sourcecode.swift; path = mod1_creative_app_richmondUITestsLaunchTests.swift; sourceTree = "<group>"; };
/* End PBXFileReference section */

/* Begin PBXFrameworksBuildPhase section */
		CC3D0A6D2A9F8625002EFC83 /* Frameworks */ = {
			isa = PBXFrameworksBuildPhase;
			buildActionMask = 2147483647;
			files = (
			);
			runOnlyForDeploymentPostprocessing = 0;
		};
		CC3D0A862A9F8627002EFC83 /* Frameworks */ = {
			isa = PBXFrameworksBuildPhase;
			buildActionMask = 2147483647;
			files = (
			);
			runOnlyForDeploymentPostprocessing = 0;
		};
		CC3D0A902A9F8627002EFC83 /* Frameworks */ = {
			isa = PBXFrameworksBuildPhase;
			buildActionMask = 2147483647;
			files = (
			);
			runOnlyForDeploymentPostprocessing = 0;
		};
/* End PBXFrameworksBuildPhase section */

/* Begin PBXGroup section */
		CC3D0A672A9F8625002EFC83 = {
			isa = PBXGroup;
			children = (
				CC3D0A722A9F8625002EFC83 /* mod1_creative_app_richmond */,
				CC3D0A8C2A9F8627002EFC83 /* mod1_creative_app_richmondTests */,
				CC3D0A962A9F8627002EFC83 /* mod1_creative_app_richmondUITests */,
				CC3D0A712A9F8625002EFC83 /* Products */,
			);
			sourceTree = "<group>";
		};
		CC3D0A712A9F8625002EFC83 /* Products */ = {
			isa = PBXGroup;
			children = (
				CC3D0A702A9F8625002EFC83 /* mod1_creative_app_richmond.app */,
				CC3D0A892A9F8627002EFC83 /* mod1_creative_app_richmondTests.xctest */,
				CC3D0A932A9F8627002EFC83 /* mod1_creative_app_richmondUITests.xctest */,
			);
			name = Products;
			sourceTree = "<group>";
		};
		CC3D0A722A9F8625002EFC83 /* mod1_creative_app_richmond */ = {
			isa = PBXGroup;
			children = (
				CC3D0A732A9F8625002EFC83 /* AppDelegate.swift */,
				CC3D0A752A9F8625002EFC83 /* SceneDelegate.swift */,
				CC3D0A772A9F8625002EFC83 /* ViewController.swift */,
				CC3D0A792A9F8625002EFC83 /* Main.storyboard */,
				CC3D0A7F2A9F8626002EFC83 /* Assets.xcassets */,
				CC3D0A812A9F8626002EFC83 /* LaunchScreen.storyboard */,
				CC3D0A842A9F8626002EFC83 /* Info.plist */,
				CC3D0A7C2A9F8625002EFC83 /* mod1_creative_app_richmond.xcdatamodeld */,
			);
			path = mod1_creative_app_richmond;
			sourceTree = "<group>";
		};
		CC3D0A8C2A9F8627002EFC83 /* mod1_creative_app_richmondTests */ = {
			isa = PBXGroup;
			children = (
				CC3D0A8D2A9F8627002EFC83 /* mod1_creative_app_richmondTests.swift */,
			);
			path = mod1_creative_app_richmondTests;
			sourceTree = "<group>";
		};
		CC3D0A962A9F8627002EFC83 /* mod1_creative_app_richmondUITests */ = {
			isa = PBXGroup;
			children = (
				CC3D0A972A9F8627002EFC83 /* mod1_creative_app_richmondUITests.swift */,
				CC3D0A992A9F8627002EFC83 /* mod1_creative_app_richmondUITestsLaunchTests.swift */,
			);
			path = mod1_creative_app_richmondUITests;
			sourceTree = "<group>";
		};
/* End PBXGroup section */

/* Begin PBXNativeTarget section */
		CC3D0A6F2A9F8625002EFC83 /* mod1_creative_app_richmond */ = {
			isa = PBXNativeTarget;
			buildConfigurationList = CC3D0A9D2A9F8627002EFC83 /* Build configuration list for PBXNativeTarget "mod1_creative_app_richmond" */;
			buildPhases = (
				CC3D0A6C2A9F8625002EFC83 /* Sources */,
				CC3D0A6D2A9F8625002EFC83 /* Frameworks */,
				CC3D0A6E2A9F8625002EFC83 /* Resources */,
			);
			buildRules = (
			);
			dependencies = (
			);
			name = mod1_creative_app_richmond;
			productName = mod1_creative_app_richmond;
			productReference = CC3D0A702A9F8625002EFC83 /* mod1_creative_app_richmond.app */;
			productType = "com.apple.product-type.application";
		};
		CC3D0A882A9F8627002EFC83 /* mod1_creative_app_richmondTests */ = {
			isa = PBXNativeTarget;
			buildConfigurationList = CC3D0AA02A9F8627002EFC83 /* Build configuration list for PBXNativeTarget "mod1_creative_app_richmondTests" */;
			buildPhases = (
				CC3D0A852A9F8627002EFC83 /* Sources */,
				CC3D0A862A9F8627002EFC83 /* Frameworks */,
				CC3D0A872A9F8627002EFC83 /* Resources */,
			);
			buildRules = (
			);
			dependencies = (
				CC3D0A8B2A9F8627002EFC83 /* PBXTargetDependency */,
			);
			name = mod1_creative_app_richmondTests;
			productName = mod1_creative_app_richmondTests;
			productReference = CC3D0A892A9F8627002EFC83 /* mod1_creative_app_richmondTests.xctest */;
			productType = "com.apple.product-type.bundle.unit-test";
		};
		CC3D0A922A9F8627002EFC83 /* mod1_creative_app_richmondUITests */ = {
			isa = PBXNativeTarget;
			buildConfigurationList = CC3D0AA32A9F8627002EFC83 /* Build configuration list for PBXNativeTarget "mod1_creative_app_richmondUITests" */;
			buildPhases = (
				CC3D0A8F2A9F8627002EFC83 /* Sources */,
				CC3D0A902A9F8627002EFC83 /* Frameworks */,
				CC3D0A912A9F8627002EFC83 /* Resources */,
			);
			buildRules = (
			);
			dependencies = (
				CC3D0A952A9F8627002EFC83 /* PBXTargetDependency */,
			);
			name = mod1_creative_app_richmondUITests;
			productName = mod1_creative_app_richmondUITests;
			productReference = CC3D0A932A9F8627002EFC83 /* mod1_creative_app_richmondUITests.xctest */;
			productType = "com.apple.product-type.bundle.ui-testing";
		};
/* End PBXNativeTarget section */

/* Begin PBXProject section */
		CC3D0A682A9F8625002EFC83 /* Project object */ = {
			isa = PBXProject;
			attributes = {
				BuildIndependentTargetsInParallel = 1;
				LastSwiftUpdateCheck = 1430;
				LastUpgradeCheck = 1430;
				TargetAttributes = {
					CC3D0A6F2A9F8625002EFC83 = {
						CreatedOnToolsVersion = 14.3.1;
					};
					CC3D0A882A9F8627002EFC83 = {
						CreatedOnToolsVersion = 14.3.1;
						TestTargetID = CC3D0A6F2A9F8625002EFC83;
					};
					CC3D0A922A9F8627002EFC83 = {
						CreatedOnToolsVersion = 14.3.1;
						TestTargetID = CC3D0A6F2A9F8625002EFC83;
					};
				};
			};
			buildConfigurationList = CC3D0A6B2A9F8625002EFC83 /* Build configuration list for PBXProject "mod1_creative_app_richmond" */;
			compatibilityVersion = "Xcode 14.0";
			developmentRegion = en;
			hasScannedForEncodings = 0;
			knownRegions = (
				en,
				Base,
			);
			mainGroup = CC3D0A672A9F8625002EFC83;
			productRefGroup = CC3D0A712A9F8625002EFC83 /* Products */;
			projectDirPath = "";
			projectRoot = "";
			targets = (
				CC3D0A6F2A9F8625002EFC83 /* mod1_creative_app_richmond */,
				CC3D0A882A9F8627002EFC83 /* mod1_creative_app_richmondTests */,
				CC3D0A922A9F8627002EFC83 /* mod1_creative_app_richmondUITests */,
			);
		};
/* End PBXProject section */

/* Begin PBXResourcesBuildPhase section */
		CC3D0A6E2A9F8625002EFC83 /* Resources */ = {
			isa = PBXResourcesBuildPhase;
			buildActionMask = 2147483647;
			files = (
				CC3D0A832A9F8626002EFC83 /* LaunchScreen.storyboard in Resources */,
				CC3D0A802A9F8626002EFC83 /* Assets.xcassets in Resources */,
				CC3D0A7B2A9F8625002EFC83 /* Main.storyboard in Resources */,
			);
			runOnlyForDeploymentPostprocessing = 0;
		};
		CC3D0A872A9F8627002EFC83 /* Resources */ = {
			isa = PBXResourcesBuildPhase;
			buildActionMask = 2147483647;
			files = (
			);
			runOnlyForDeploymentPostprocessing = 0;
		};
		CC3D0A912A9F8627002EFC83 /* Resources */ = {
			isa = PBXResourcesBuildPhase;
			buildActionMask = 2147483647;
			files = (
			);
			runOnlyForDeploymentPostprocessing = 0;
		};
/* End PBXResourcesBuildPhase section */

/* Begin PBXSourcesBuildPhase section */
		CC3D0A6C2A9F8625002EFC83 /* Sources */ = {
			isa = PBXSourcesBuildPhase;
			buildActionMask = 2147483647;
			files = (
				CC3D0A782A9F8625002EFC83 /* ViewController.swift in Sources */,
				CC3D0A7E2A9F8625002EFC83 /* mod1_creative_app_richmond.xcdatamodeld in Sources */,
				CC3D0A742A9F8625002EFC83 /* AppDelegate.swift in Sources */,
				CC3D0A762A9F8625002EFC83 /* SceneDelegate.swift in Sources */,
			);
			runOnlyForDeploymentPostprocessing = 0;
		};
		CC3D0A852A9F8627002EFC83 /* Sources */ = {
			isa = PBXSourcesBuildPhase;
			buildActionMask = 2147483647;
			files = (
				CC3D0A8E2A9F8627002EFC83 /* mod1_creative_app_richmondTests.swift in Sources */,
			);
			runOnlyForDeploymentPostprocessing = 0;
		};
		CC3D0A8F2A9F8627002EFC83 /* Sources */ = {
			isa = PBXSourcesBuildPhase;
			buildActionMask = 2147483647;
			files = (
				CC3D0A9A2A9F8627002EFC83 /* mod1_creative_app_richmondUITestsLaunchTests.swift in Sources */,
				CC3D0A982A9F8627002EFC83 /* mod1_creative_app_richmondUITests.swift in Sources */,
			);
			runOnlyForDeploymentPostprocessing = 0;
		};
/* End PBXSourcesBuildPhase section */

/* Begin PBXTargetDependency section */
		CC3D0A8B2A9F8627002EFC83 /* PBXTargetDependency */ = {
			isa = PBXTargetDependency;
			target = CC3D0A6F2A9F8625002EFC83 /* mod1_creative_app_richmond */;
			targetProxy = CC3D0A8A2A9F8627002EFC83 /* PBXContainerItemProxy */;
		};
		CC3D0A952A9F8627002EFC83 /* PBXTargetDependency */ = {
			isa = PBXTargetDependency;
			target = CC3D0A6F2A9F8625002EFC83 /* mod1_creative_app_richmond */;
			targetProxy = CC3D0A942A9F8627002EFC83 /* PBXContainerItemProxy */;
		};
/* End PBXTargetDependency section */

/* Begin PBXVariantGroup section */
		CC3D0A792A9F8625002EFC83 /* Main.storyboard */ = {
			isa = PBXVariantGroup;
			children = (
				CC3D0A7A2A9F8625002EFC83 /* Base */,
			);
			name = Main.storyboard;
			sourceTree = "<group>";
		};
		CC3D0A812A9F8626002EFC83 /* LaunchScreen.storyboard */ = {
			isa = PBXVariantGroup;
			children = (
				CC3D0A822A9F8626002EFC83 /* Base */,
			);
			name = LaunchScreen.storyboard;
			sourceTree = "<group>";
		};
/* End PBXVariantGroup section */

/* Begin XCBuildConfiguration section */
		CC3D0A9B2A9F8627002EFC83 /* Debug */ = {
			isa = XCBuildConfiguration;
			buildSettings = {
				ALWAYS_SEARCH_USER_PATHS = NO;
				CLANG_ANALYZER_NONNULL = YES;
				CLANG_ANALYZER_NUMBER_OBJECT_CONVERSION = YES_AGGRESSIVE;
				CLANG_CXX_LANGUAGE_STANDARD = "gnu++20";
				CLANG_ENABLE_MODULES = YES;
				CLANG_ENABLE_OBJC_ARC = YES;
				CLANG_ENABLE_OBJC_WEAK = YES;
				CLANG_WARN_BLOCK_CAPTURE_AUTORELEASING = YES;
				CLANG_WARN_BOOL_CONVERSION = YES;
				CLANG_WARN_COMMA = YES;
				CLANG_WARN_CONSTANT_CONVERSION = YES;
				CLANG_WARN_DEPRECATED_OBJC_IMPLEMENTATIONS = YES;
				CLANG_WARN_DIRECT_OBJC_ISA_USAGE = YES_ERROR;
				CLANG_WARN_DOCUMENTATION_COMMENTS = YES;
				CLANG_WARN_EMPTY_BODY = YES;
				CLANG_WARN_ENUM_CONVERSION = YES;
				CLANG_WARN_INFINITE_RECURSION = YES;
				CLANG_WARN_INT_CONVERSION = YES;
				CLANG_WARN_NON_LITERAL_NULL_CONVERSION = YES;
				CLANG_WARN_OBJC_IMPLICIT_RETAIN_SELF = YES;
				CLANG_WARN_OBJC_LITERAL_CONVERSION = YES;
				CLANG_WARN_OBJC_ROOT_CLASS = YES_ERROR;
				CLANG_WARN_QUOTED_INCLUDE_IN_FRAMEWORK_HEADER = YES;
				CLANG_WARN_RANGE_LOOP_ANALYSIS = YES;
				CLANG_WARN_STRICT_PROTOTYPES = YES;
				CLANG_WARN_SUSPICIOUS_MOVE = YES;
				CLANG_WARN_UNGUARDED_AVAILABILITY = YES_AGGRESSIVE;
				CLANG_WARN_UNREACHABLE_CODE = YES;
				CLANG_WARN__DUPLICATE_METHOD_MATCH = YES;
				COPY_PHASE_STRIP = NO;
				DEBUG_INFORMATION_FORMAT = dwarf;
				ENABLE_STRICT_OBJC_MSGSEND = YES;
				ENABLE_TESTABILITY = YES;
				GCC_C_LANGUAGE_STANDARD = gnu11;
				GCC_DYNAMIC_NO_PIC = NO;
				GCC_NO_COMMON_BLOCKS = YES;
				GCC_OPTIMIZATION_LEVEL = 0;
				GCC_PREPROCESSOR_DEFINITIONS = (
					"DEBUG=1",
					"$(inherited)",
				);
				GCC_WARN_64_TO_32_BIT_CONVERSION = YES;
				GCC_WARN_ABOUT_RETURN_TYPE = YES_ERROR;
				GCC_WARN_UNDECLARED_SELECTOR = YES;
				GCC_WARN_UNINITIALIZED_AUTOS = YES_AGGRESSIVE;
				GCC_WARN_UNUSED_FUNCTION = YES;
				GCC_WARN_UNUSED_VARIABLE = YES;
				IPHONEOS_DEPLOYMENT_TARGET = 16.4;
				MTL_ENABLE_DEBUG_INFO = INCLUDE_SOURCE;
				MTL_FAST_MATH = YES;
				ONLY_ACTIVE_ARCH = YES;
				SDKROOT = iphoneos;
				SWIFT_ACTIVE_COMPILATION_CONDITIONS = DEBUG;
				SWIFT_OPTIMIZATION_LEVEL = "-Onone";
			};
			name = Debug;
		};
		CC3D0A9C2A9F8627002EFC83 /* Release */ = {
			isa = XCBuildConfiguration;
			buildSettings = {
				ALWAYS_SEARCH_USER_PATHS = NO;
				CLANG_ANALYZER_NONNULL = YES;
				CLANG_ANALYZER_NUMBER_OBJECT_CONVERSION = YES_AGGRESSIVE;
				CLANG_CXX_LANGUAGE_STANDARD = "gnu++20";
				CLANG_ENABLE_MODULES = YES;
				CLANG_ENABLE_OBJC_ARC = YES;
				CLANG_ENABLE_OBJC_WEAK = YES;
				CLANG_WARN_BLOCK_CAPTURE_AUTORELEASING = YES;
				CLANG_WARN_BOOL_CONVERSION = YES;
				CLANG_WARN_COMMA = YES;
				CLANG_WARN_CONSTANT_CONVERSION = YES;
				CLANG_WARN_DEPRECATED_OBJC_IMPLEMENTATIONS = YES;
				CLANG_WARN_DIRECT_OBJC_ISA_USAGE = YES_ERROR;
				CLANG_WARN_DOCUMENTATION_COMMENTS = YES;
				CLANG_WARN_EMPTY_BODY = YES;
				CLANG_WARN_ENUM_CONVERSION = YES;
				CLANG_WARN_INFINITE_RECURSION = YES;
				CLANG_WARN_INT_CONVERSION = YES;
				CLANG_WARN_NON_LITERAL_NULL_CONVERSION = YES;
				CLANG_WARN_OBJC_IMPLICIT_RETAIN_SELF = YES;
				CLANG_WARN_OBJC_LITERAL_CONVERSION = YES;
				CLANG_WARN_OBJC_ROOT_CLASS = YES_ERROR;
				CLANG_WARN_QUOTED_INCLUDE_IN_FRAMEWORK_HEADER = YES;
				CLANG_WARN_RANGE_LOOP_ANALYSIS = YES;
				CLANG_WARN_STRICT_PROTOTYPES = YES;
				CLANG_WARN_SUSPICIOUS_MOVE = YES;
				CLANG_WARN_UNGUARDED_AVAILABILITY = YES_AGGRESSIVE;
				CLANG_WARN_UNREACHABLE_CODE = YES;
				CLANG_WARN__DUPLICATE_METHOD_MATCH = YES;
				COPY_PHASE_STRIP = NO;
				DEBUG_INFORMATION_FORMAT = "dwarf-with-dsym";
				ENABLE_NS_ASSERTIONS = NO;
				ENABLE_STRICT_OBJC_MSGSEND = YES;
				GCC_C_LANGUAGE_STANDARD = gnu11;
				GCC_NO_COMMON_BLOCKS = YES;
				GCC_WARN_64_TO_32_BIT_CONVERSION = YES;
				GCC_WARN_ABOUT_RETURN_TYPE = YES_ERROR;
				GCC_WARN_UNDECLARED_SELECTOR = YES;
				GCC_WARN_UNINITIALIZED_AUTOS = YES_AGGRESSIVE;
				GCC_WARN_UNUSED_FUNCTION = YES;
				GCC_WARN_UNUSED_VARIABLE = YES;
				IPHONEOS_DEPLOYMENT_TARGET = 16.4;
				MTL_ENABLE_DEBUG_INFO = NO;
				MTL_FAST_MATH = YES;
				SDKROOT = iphoneos;
				SWIFT_COMPILATION_MODE = wholemodule;
				SWIFT_OPTIMIZATION_LEVEL = "-O";
				VALIDATE_PRODUCT = YES;
			};
			name = Release;
		};
		CC3D0A9E2A9F8627002EFC83 /* Debug */ = {
			isa = XCBuildConfiguration;
			buildSettings = {
				ASSETCATALOG_COMPILER_APPICON_NAME = AppIcon;
				ASSETCATALOG_COMPILER_GLOBAL_ACCENT_COLOR_NAME = AccentColor;
				CODE_SIGN_STYLE = Automatic;
				CURRENT_PROJECT_VERSION = 1;
				DEVELOPMENT_TEAM = JVUTC7Z7JW;
				GENERATE_INFOPLIST_FILE = YES;
				INFOPLIST_FILE = mod1_creative_app_richmond/Info.plist;
				INFOPLIST_KEY_UIApplicationSupportsIndirectInputEvents = YES;
				INFOPLIST_KEY_UILaunchStoryboardName = LaunchScreen;
				INFOPLIST_KEY_UIMainStoryboardFile = Main;
				INFOPLIST_KEY_UISupportedInterfaceOrientations_iPad = "UIInterfaceOrientationPortrait UIInterfaceOrientationPortraitUpsideDown UIInterfaceOrientationLandscapeLeft UIInterfaceOrientationLandscapeRight";
				INFOPLIST_KEY_UISupportedInterfaceOrientations_iPhone = "UIInterfaceOrientationPortrait UIInterfaceOrientationLandscapeLeft UIInterfaceOrientationLandscapeRight";
				LD_RUNPATH_SEARCH_PATHS = (
					"$(inherited)",
					"@executable_path/Frameworks",
				);
				MARKETING_VERSION = 1.0;
				PRODUCT_BUNDLE_IDENTIFIER = "clc.mod1-creative-app-richmond";
				PRODUCT_NAME = "$(TARGET_NAME)";
				SWIFT_EMIT_LOC_STRINGS = YES;
				SWIFT_VERSION = 5.0;
				TARGETED_DEVICE_FAMILY = "1,2";
			};
			name = Debug;
		};
		CC3D0A9F2A9F8627002EFC83 /* Release */ = {
			isa = XCBuildConfiguration;
			buildSettings = {
				ASSETCATALOG_COMPILER_APPICON_NAME = AppIcon;
				ASSETCATALOG_COMPILER_GLOBAL_ACCENT_COLOR_NAME = AccentColor;
				CODE_SIGN_STYLE = Automatic;
				CURRENT_PROJECT_VERSION = 1;
				DEVELOPMENT_TEAM = JVUTC7Z7JW;
				GENERATE_INFOPLIST_FILE = YES;
				INFOPLIST_FILE = mod1_creative_app_richmond/Info.plist;
				INFOPLIST_KEY_UIApplicationSupportsIndirectInputEvents = YES;
				INFOPLIST_KEY_UILaunchStoryboardName = LaunchScreen;
				INFOPLIST_KEY_UIMainStoryboardFile = Main;
				INFOPLIST_KEY_UISupportedInterfaceOrientations_iPad = "UIInterfaceOrientationPortrait UIInterfaceOrientationPortraitUpsideDown UIInterfaceOrientationLandscapeLeft UIInterfaceOrientationLandscapeRight";
				INFOPLIST_KEY_UISupportedInterfaceOrientations_iPhone = "UIInterfaceOrientationPortrait UIInterfaceOrientationLandscapeLeft UIInterfaceOrientationLandscapeRight";
				LD_RUNPATH_SEARCH_PATHS = (
					"$(inherited)",
					"@executable_path/Frameworks",
				);
				MARKETING_VERSION = 1.0;
				PRODUCT_BUNDLE_IDENTIFIER = "clc.mod1-creative-app-richmond";
				PRODUCT_NAME = "$(TARGET_NAME)";
				SWIFT_EMIT_LOC_STRINGS = YES;
				SWIFT_VERSION = 5.0;
				TARGETED_DEVICE_FAMILY = "1,2";
			};
			name = Release;
		};
		CC3D0AA12A9F8627002EFC83 /* Debug */ = {
			isa = XCBuildConfiguration;
			buildSettings = {
				ALWAYS_EMBED_SWIFT_STANDARD_LIBRARIES = YES;
				BUNDLE_LOADER = "$(TEST_HOST)";
				CODE_SIGN_STYLE = Automatic;
				CURRENT_PROJECT_VERSION = 1;
				DEVELOPMENT_TEAM = JVUTC7Z7JW;
				GENERATE_INFOPLIST_FILE = YES;
				IPHONEOS_DEPLOYMENT_TARGET = 16.4;
				MARKETING_VERSION = 1.0;
				PRODUCT_BUNDLE_IDENTIFIER = "clc.mod1-creative-app-richmondTests";
				PRODUCT_NAME = "$(TARGET_NAME)";
				SWIFT_EMIT_LOC_STRINGS = NO;
				SWIFT_VERSION = 5.0;
				TARGETED_DEVICE_FAMILY = "1,2";
				TEST_HOST = "$(BUILT_PRODUCTS_DIR)/mod1_creative_app_richmond.app/$(BUNDLE_EXECUTABLE_FOLDER_PATH)/mod1_creative_app_richmond";
			};
			name = Debug;
		};
		CC3D0AA22A9F8627002EFC83 /* Release */ = {
			isa = XCBuildConfiguration;
			buildSettings = {
				ALWAYS_EMBED_SWIFT_STANDARD_LIBRARIES = YES;
				BUNDLE_LOADER = "$(TEST_HOST)";
				CODE_SIGN_STYLE = Automatic;
				CURRENT_PROJECT_VERSION = 1;
				DEVELOPMENT_TEAM = JVUTC7Z7JW;
				GENERATE_INFOPLIST_FILE = YES;
				IPHONEOS_DEPLOYMENT_TARGET = 16.4;
				MARKETING_VERSION = 1.0;
				PRODUCT_BUNDLE_IDENTIFIER = "clc.mod1-creative-app-richmondTests";
				PRODUCT_NAME = "$(TARGET_NAME)";
				SWIFT_EMIT_LOC_STRINGS = NO;
				SWIFT_VERSION = 5.0;
				TARGETED_DEVICE_FAMILY = "1,2";
				TEST_HOST = "$(BUILT_PRODUCTS_DIR)/mod1_creative_app_richmond.app/$(BUNDLE_EXECUTABLE_FOLDER_PATH)/mod1_creative_app_richmond";
			};
			name = Release;
		};
		CC3D0AA42A9F8627002EFC83 /* Debug */ = {
			isa = XCBuildConfiguration;
			buildSettings = {
				ALWAYS_EMBED_SWIFT_STANDARD_LIBRARIES = YES;
				CODE_SIGN_STYLE = Automatic;
				CURRENT_PROJECT_VERSION = 1;
				DEVELOPMENT_TEAM = JVUTC7Z7JW;
				GENERATE_INFOPLIST_FILE = YES;
				MARKETING_VERSION = 1.0;
				PRODUCT_BUNDLE_IDENTIFIER = "clc.mod1-creative-app-richmondUITests";
				PRODUCT_NAME = "$(TARGET_NAME)";
				SWIFT_EMIT_LOC_STRINGS = NO;
				SWIFT_VERSION = 5.0;
				TARGETED_DEVICE_FAMILY = "1,2";
				TEST_TARGET_NAME = mod1_creative_app_richmond;
			};
			name = Debug;
		};
		CC3D0AA52A9F8627002EFC83 /* Release */ = {
			isa = XCBuildConfiguration;
			buildSettings = {
				ALWAYS_EMBED_SWIFT_STANDARD_LIBRARIES = YES;
				CODE_SIGN_STYLE = Automatic;
				CURRENT_PROJECT_VERSION = 1;
				DEVELOPMENT_TEAM = JVUTC7Z7JW;
				GENERATE_INFOPLIST_FILE = YES;
				MARKETING_VERSION = 1.0;
				PRODUCT_BUNDLE_IDENTIFIER = "clc.mod1-creative-app-richmondUITests";
				PRODUCT_NAME = "$(TARGET_NAME)";
				SWIFT_EMIT_LOC_STRINGS = NO;
				SWIFT_VERSION = 5.0;
				TARGETED_DEVICE_FAMILY = "1,2";
				TEST_TARGET_NAME = mod1_creative_app_richmond;
			};
			name = Release;
		};
/* End XCBuildConfiguration section */

/* Begin XCConfigurationList section */
		CC3D0A6B2A9F8625002EFC83 /* Build configuration list for PBXProject "mod1_creative_app_richmond" */ = {
			isa = XCConfigurationList;
			buildConfigurations = (
				CC3D0A9B2A9F8627002EFC83 /* Debug */,
				CC3D0A9C2A9F8627002EFC83 /* Release */,
			);
			defaultConfigurationIsVisible = 0;
			defaultConfigurationName = Release;
		};
		CC3D0A9D2A9F8627002EFC83 /* Build configuration list for PBXNativeTarget "mod1_creative_app_richmond" */ = {
			isa = XCConfigurationList;
			buildConfigurations = (
				CC3D0A9E2A9F8627002EFC83 /* Debug */,
				CC3D0A9F2A9F8627002EFC83 /* Release */,
			);
			defaultConfigurationIsVisible = 0;
			defaultConfigurationName = Release;
		};
		CC3D0AA02A9F8627002EFC83 /* Build configuration list for PBXNativeTarget "mod1_creative_app_richmondTests" */ = {
			isa = XCConfigurationList;
			buildConfigurations = (
				CC3D0AA12A9F8627002EFC83 /* Debug */,
				CC3D0AA22A9F8627002EFC83 /* Release */,
			);
			defaultConfigurationIsVisible = 0;
			defaultConfigurationName = Release;
		};
		CC3D0AA32A9F8627002EFC83 /* Build configuration list for PBXNativeTarget "mod1_creative_app_richmondUITests" */ = {
			isa = XCConfigurationList;
			buildConfigurations = (
				CC3D0AA42A9F8627002EFC83 /* Debug */,
				CC3D0AA52A9F8627002EFC83 /* Release */,
			);
			defaultConfigurationIsVisible = 0;
			defaultConfigurationName = Release;
		};
/* End XCConfigurationList section */

/* Begin XCVersionGroup section */
		CC3D0A7C2A9F8625002EFC83 /* mod1_creative_app_richmond.xcdatamodeld */ = {
			isa = XCVersionGroup;
			children = (
				CC3D0A7D2A9F8625002EFC83 /* mod1_creative_app_richmond.xcdatamodel */,
			);
			currentVersion = CC3D0A7D2A9F8625002EFC83 /* mod1_creative_app_richmond.xcdatamodel */;
			path = mod1_creative_app_richmond.xcdatamodeld;
			sourceTree = "<group>";
			versionGroupType = wrapper.xcdatamodel;
		};
/* End XCVersionGroup section */
	};
	rootObject = CC3D0A682A9F8625002EFC83 /* Project object */;
}
